<?xml version="1.0"?>
<Project ToolsVersion="4.0" xmlns="http://schemas.microsoft.com/developer/msbuild/2003">
	<ItemGroup>
		<ClCompile Include="src\ofApp.cpp">
			<Filter>src</Filter>
		</ClCompile>
		<ClCompile Include="src\main.cpp">
			<Filter>src</Filter>
		</ClCompile>
		<ClCompile Include="src\main.cpp">
			<Filter>src</Filter>
		</ClCompile>
		<ClCompile Include="src\ofApp.cpp">
			<Filter>src</Filter>
		</ClCompile>
		<ClCompile Include="src\wwmProjector.cpp">
			<Filter>src</Filter>
		</ClCompile>
		<ClCompile Include="..\..\..\addons\ofxGui\src\ofxBaseGui.cpp">
			<Filter>addons\ofxGui\src</Filter>
		</ClCompile>
		<ClCompile Include="..\..\..\addons\ofxGui\src\ofxButton.cpp">
			<Filter>addons\ofxGui\src</Filter>
		</ClCompile>
		<ClCompile Include="..\..\..\addons\ofxGui\src\ofxColorPicker.cpp">
			<Filter>addons\ofxGui\src</Filter>
		</ClCompile>
		<ClCompile Include="..\..\..\addons\ofxGui\src\ofxGuiGroup.cpp">
			<Filter>addons\ofxGui\src</Filter>
		</ClCompile>
		<ClCompile Include="..\..\..\addons\ofxGui\src\ofxInputField.cpp">
			<Filter>addons\ofxGui\src</Filter>
		</ClCompile>
		<ClCompile Include="..\..\..\addons\ofxGui\src\ofxLabel.cpp">
			<Filter>addons\ofxGui\src</Filter>
		</ClCompile>
		<ClCompile Include="..\..\..\addons\ofxGui\src\ofxPanel.cpp">
			<Filter>addons\ofxGui\src</Filter>
		</ClCompile>
		<ClCompile Include="..\..\..\addons\ofxGui\src\ofxSlider.cpp">
			<Filter>addons\ofxGui\src</Filter>
		</ClCompile>
		<ClCompile Include="..\..\..\addons\ofxGui\src\ofxSliderGroup.cpp">
			<Filter>addons\ofxGui\src</Filter>
		</ClCompile>
		<ClCompile Include="..\..\..\addons\ofxGui\src\ofxToggle.cpp">
			<Filter>addons\ofxGui\src</Filter>
		</ClCompile>
		<ClCompile Include="..\..\..\addons\ofxNDI\src\ofxNDIFinder.cpp">
			<Filter>addons\ofxNDI\src</Filter>
		</ClCompile>
		<ClCompile Include="..\..\..\addons\ofxNDI\src\ofxNDIFrame.cpp">
			<Filter>addons\ofxNDI\src</Filter>
		</ClCompile>
		<ClCompile Include="..\..\..\addons\ofxNDI\src\ofxNDIPTZ.cpp">
			<Filter>addons\ofxNDI\src</Filter>
		</ClCompile>
		<ClCompile Include="..\..\..\addons\ofxNDI\src\ofxNDIReceiver.cpp">
			<Filter>addons\ofxNDI\src</Filter>
		</ClCompile>
		<ClCompile Include="..\..\..\addons\ofxNDI\src\ofxNDIRecorder.cpp">
			<Filter>addons\ofxNDI\src</Filter>
		</ClCompile>
		<ClCompile Include="..\..\..\addons\ofxNDI\src\ofxNDIRecvStream.cpp">
			<Filter>addons\ofxNDI\src</Filter>
		</ClCompile>
		<ClCompile Include="..\..\..\addons\ofxNDI\src\ofxNDIRouter.cpp">
			<Filter>addons\ofxNDI\src</Filter>
		</ClCompile>
		<ClCompile Include="..\..\..\addons\ofxNDI\src\ofxNDISender.cpp">
			<Filter>addons\ofxNDI\src</Filter>
		</ClCompile>
		<ClCompile Include="..\..\..\addons\ofxNDI\src\ofxNDISendStream.cpp">
			<Filter>addons\ofxNDI\src</Filter>
		</ClCompile>
		<ClCompile Include="..\..\..\addons\ofxNDI\src\utils\ofxNDIVideoCaster.cpp">
			<Filter>addons\ofxNDI\src\utils</Filter>
		</ClCompile>
		<ClCompile Include="..\..\..\addons\ofxNDI\src\utils\ofxNDIVideoGrabber.cpp">
			<Filter>addons\ofxNDI\src\utils</Filter>
		</ClCompile>
		<ClCompile Include="..\..\..\addons\ofxOsc\src\ofxOscBundle.cpp">
			<Filter>addons\ofxOsc\src</Filter>
		</ClCompile>
		<ClCompile Include="..\..\..\addons\ofxOsc\src\ofxOscMessage.cpp">
			<Filter>addons\ofxOsc\src</Filter>
		</ClCompile>
		<ClCompile Include="..\..\..\addons\ofxOsc\src\ofxOscParameterSync.cpp">
			<Filter>addons\ofxOsc\src</Filter>
		</ClCompile>
		<ClCompile Include="..\..\..\addons\ofxOsc\src\ofxOscReceiver.cpp">
			<Filter>addons\ofxOsc\src</Filter>
		</ClCompile>
		<ClCompile Include="..\..\..\addons\ofxOsc\src\ofxOscSender.cpp">
			<Filter>addons\ofxOsc\src</Filter>
		</ClCompile>
		<ClCompile Include="..\..\..\addons\ofxOsc\libs\oscpack\src\ip\IpEndpointName.cpp">
			<Filter>addons\ofxOsc\libs\oscpack\src\ip</Filter>
		</ClCompile>
		<ClCompile Include="..\..\..\addons\ofxOsc\libs\oscpack\src\ip\win32\NetworkingUtils.cpp">
			<Filter>addons\ofxOsc\libs\oscpack\src\ip\win32</Filter>
		</ClCompile>
		<ClCompile Include="..\..\..\addons\ofxOsc\libs\oscpack\src\ip\win32\UdpSocket.cpp">
			<Filter>addons\ofxOsc\libs\oscpack\src\ip\win32</Filter>
		</ClCompile>
		<ClCompile Include="..\..\..\addons\ofxOsc\libs\oscpack\src\osc\OscOutboundPacketStream.cpp">
			<Filter>addons\ofxOsc\libs\oscpack\src\osc</Filter>
		</ClCompile>
		<ClCompile Include="..\..\..\addons\ofxOsc\libs\oscpack\src\osc\OscPrintReceivedElements.cpp">
			<Filter>addons\ofxOsc\libs\oscpack\src\osc</Filter>
		</ClCompile>
		<ClCompile Include="..\..\..\addons\ofxOsc\libs\oscpack\src\osc\OscReceivedElements.cpp">
			<Filter>addons\ofxOsc\libs\oscpack\src\osc</Filter>
		</ClCompile>
		<ClCompile Include="..\..\..\addons\ofxOsc\libs\oscpack\src\osc\OscTypes.cpp">
			<Filter>addons\ofxOsc\libs\oscpack\src\osc</Filter>
		</ClCompile>
	</ItemGroup>
	<ItemGroup>
		<Filter Include="src">
			<UniqueIdentifier>{d8376475-7454-4a24-b08a-aac121d3ad6f}</UniqueIdentifier>
		</Filter>
		<Filter Include="addons">
			<UniqueIdentifier>{529C7FEB--3BE-1-40-D1-A-723-FA33149585AB}</UniqueIdentifier>
		</Filter>
		<Filter Include="addons\ofxGui">
			<UniqueIdentifier>{8A1851F8--2C0-C-40-03-A-E12-3104D83F8A39}</UniqueIdentifier>
		</Filter>
		<Filter Include="addons\ofxGui\src">
			<UniqueIdentifier>{D965686A--37B-4-40-42-9-4A6-043AC15989C5}</UniqueIdentifier>
		</Filter>
		<Filter Include="addons\ofxNDI">
			<UniqueIdentifier>{7CAFA4A5--AA4-3-4C-A8-B-2E0-6F9BC8EE1A7A}</UniqueIdentifier>
		</Filter>
		<Filter Include="addons\ofxNDI\src">
			<UniqueIdentifier>{00BA9979--E0B-C-43-B9-B-B66-4C7759D86EA5}</UniqueIdentifier>
		</Filter>
		<Filter Include="addons\ofxNDI\src\utils">
			<UniqueIdentifier>{785E93AB--7D8-1-4F-99-8-215-0DD27D1BDEBF}</UniqueIdentifier>
		</Filter>
		<Filter Include="addons\ofxNDI\libs">
			<UniqueIdentifier>{D13EFDC9--EB9-F-4E-3B-B-38E-5FB344E309F9}</UniqueIdentifier>
		</Filter>
		<Filter Include="addons\ofxNDI\libs\NDI">
			<UniqueIdentifier>{8DEE361C--58B-E-4C-AA-8-3DE-9B19D4F03D77}</UniqueIdentifier>
		</Filter>
		<Filter Include="addons\ofxNDI\libs\NDI\include">
			<UniqueIdentifier>{AE3E25DB--839-5-4D-27-A-635-321ECDC6EC84}</UniqueIdentifier>
		</Filter>
		<Filter Include="addons\ofxNDI\libs\utils">
			<UniqueIdentifier>{B46B27E4--5D4-B-42-F7-8-6D0-1DD97EB2773D}</UniqueIdentifier>
		</Filter>
		<Filter Include="addons\ofxOsc">
			<UniqueIdentifier>{B5A7DC45--4F1-5-4E-D7-B-72D-626F764BACD2}</UniqueIdentifier>
		</Filter>
		<Filter Include="addons\ofxOsc\src">
			<UniqueIdentifier>{16A9BB8B--57B-F-41-7C-8-695-CBF4B475BBD7}</UniqueIdentifier>
		</Filter>
		<Filter Include="addons\ofxOsc\libs">
			<UniqueIdentifier>{756F4EC0--9AA-F-41-27-B-CA4-931AB9ABE602}</UniqueIdentifier>
		</Filter>
		<Filter Include="addons\ofxOsc\libs\oscpack">
			<UniqueIdentifier>{F8E6E91F--F23-3-49-98-B-CC6-E09D81598C60}</UniqueIdentifier>
		</Filter>
		<Filter Include="addons\ofxOsc\libs\oscpack\src">
			<UniqueIdentifier>{36F8C016--DD1-C-40-65-9-782-93284AFBD226}</UniqueIdentifier>
		</Filter>
		<Filter Include="addons\ofxOsc\libs\oscpack\src\ip">
			<UniqueIdentifier>{9F3EEBAA--F67-7-4A-F1-A-71E-377CA8ADD66C}</UniqueIdentifier>
		</Filter>
		<Filter Include="addons\ofxOsc\libs\oscpack\src\ip\win32">
			<UniqueIdentifier>{A7523E98--7CE-F-45-93-9-D79-7B300744691B}</UniqueIdentifier>
		</Filter>
		<Filter Include="addons\ofxOsc\libs\oscpack\src\osc">
			<UniqueIdentifier>{623FC2E8--3DC-2-48-4E-A-64A-33D2DCAB08BB}</UniqueIdentifier>
		</Filter>
	</ItemGroup>
	<ItemGroup>
		<ClInclude Include="src\ofApp.h">
			<Filter>src</Filter>
		</ClInclude>
		<ClInclude Include="src\ofApp.h">
			<Filter>src</Filter>
		</ClInclude>
		<ClInclude Include="src\wwmProjector.h">
			<Filter>src</Filter>
		</ClInclude>
		<ClInclude Include="..\..\..\addons\ofxGui\src\ofxBaseGui.h">
			<Filter>addons\ofxGui\src</Filter>
		</ClInclude>
		<ClInclude Include="..\..\..\addons\ofxGui\src\ofxButton.h">
			<Filter>addons\ofxGui\src</Filter>
		</ClInclude>
		<ClInclude Include="..\..\..\addons\ofxGui\src\ofxColorPicker.h">
			<Filter>addons\ofxGui\src</Filter>
		</ClInclude>
		<ClInclude Include="..\..\..\addons\ofxGui\src\ofxGui.h">
			<Filter>addons\ofxGui\src</Filter>
		</ClInclude>
		<ClInclude Include="..\..\..\addons\ofxGui\src\ofxGuiGroup.h">
			<Filter>addons\ofxGui\src</Filter>
		</ClInclude>
		<ClInclude Include="..\..\..\addons\ofxGui\src\ofxGuiUtils.h">
			<Filter>addons\ofxGui\src</Filter>
		</ClInclude>
		<ClInclude Include="..\..\..\addons\ofxGui\src\ofxInputField.h">
			<Filter>addons\ofxGui\src</Filter>
		</ClInclude>
		<ClInclude Include="..\..\..\addons\ofxGui\src\ofxLabel.h">
			<Filter>addons\ofxGui\src</Filter>
		</ClInclude>
		<ClInclude Include="..\..\..\addons\ofxGui\src\ofxPanel.h">
			<Filter>addons\ofxGui\src</Filter>
		</ClInclude>
		<ClInclude Include="..\..\..\addons\ofxGui\src\ofxSlider.h">
			<Filter>addons\ofxGui\src</Filter>
		</ClInclude>
		<ClInclude Include="..\..\..\addons\ofxGui\src\ofxSliderGroup.h">
			<Filter>addons\ofxGui\src</Filter>
		</ClInclude>
		<ClInclude Include="..\..\..\addons\ofxGui\src\ofxToggle.h">
			<Filter>addons\ofxGui\src</Filter>
		</ClInclude>
		<ClInclude Include="..\..\..\addons\ofxNDI\src\ofxNDI.h">
			<Filter>addons\ofxNDI\src</Filter>
		</ClInclude>
		<ClInclude Include="..\..\..\addons\ofxNDI\src\ofxNDIFinder.h">
			<Filter>addons\ofxNDI\src</Filter>
		</ClInclude>
		<ClInclude Include="..\..\..\addons\ofxNDI\src\ofxNDIFrame.h">
			<Filter>addons\ofxNDI\src</Filter>
		</ClInclude>
		<ClInclude Include="..\..\..\addons\ofxNDI\src\ofxNDIPTZ.h">
			<Filter>addons\ofxNDI\src</Filter>
		</ClInclude>
		<ClInclude Include="..\..\..\addons\ofxNDI\src\ofxNDIReceiver.h">
			<Filter>addons\ofxNDI\src</Filter>
		</ClInclude>
		<ClInclude Include="..\..\..\addons\ofxNDI\src\ofxNDIRecorder.h">
			<Filter>addons\ofxNDI\src</Filter>
		</ClInclude>
		<ClInclude Include="..\..\..\addons\ofxNDI\src\ofxNDIRecvStream.h">
			<Filter>addons\ofxNDI\src</Filter>
		</ClInclude>
		<ClInclude Include="..\..\..\addons\ofxNDI\src\ofxNDIRouter.h">
			<Filter>addons\ofxNDI\src</Filter>
		</ClInclude>
		<ClInclude Include="..\..\..\addons\ofxNDI\src\ofxNDISender.h">
			<Filter>addons\ofxNDI\src</Filter>
		</ClInclude>
		<ClInclude Include="..\..\..\addons\ofxNDI\src\ofxNDISendStream.h">
			<Filter>addons\ofxNDI\src</Filter>
		</ClInclude>
		<ClInclude Include="..\..\..\addons\ofxNDI\src\utils\ofxNDIVideoCaster.h">
			<Filter>addons\ofxNDI\src\utils</Filter>
		</ClInclude>
		<ClInclude Include="..\..\..\addons\ofxNDI\src\utils\ofxNDIVideoGrabber.h">
			<Filter>addons\ofxNDI\src\utils</Filter>
		</ClInclude>
		<ClInclude Include="..\..\..\addons\ofxNDI\libs\NDI\include\Processing.NDI.compat.h">
			<Filter>addons\ofxNDI\libs\NDI\include</Filter>
		</ClInclude>
		<ClInclude Include="..\..\..\addons\ofxNDI\libs\NDI\include\Processing.NDI.deprecated.h">
			<Filter>addons\ofxNDI\libs\NDI\include</Filter>
		</ClInclude>
		<ClInclude Include="..\..\..\addons\ofxNDI\libs\NDI\include\Processing.NDI.DynamicLoad.h">
			<Filter>addons\ofxNDI\libs\NDI\include</Filter>
		</ClInclude>
		<ClInclude Include="..\..\..\addons\ofxNDI\libs\NDI\include\Processing.NDI.Find.h">
			<Filter>addons\ofxNDI\libs\NDI\include</Filter>
		</ClInclude>
		<ClInclude Include="..\..\..\addons\ofxNDI\libs\NDI\include\Processing.NDI.FrameSync.h">
			<Filter>addons\ofxNDI\libs\NDI\include</Filter>
		</ClInclude>
		<ClInclude Include="..\..\..\addons\ofxNDI\libs\NDI\include\Processing.NDI.Lib.cplusplus.h">
			<Filter>addons\ofxNDI\libs\NDI\include</Filter>
		</ClInclude>
		<ClInclude Include="..\..\..\addons\ofxNDI\libs\NDI\include\Processing.NDI.Lib.h">
			<Filter>addons\ofxNDI\libs\NDI\include</Filter>
		</ClInclude>
		<ClInclude Include="..\..\..\addons\ofxNDI\libs\NDI\include\Processing.NDI.Recv.ex.h">
			<Filter>addons\ofxNDI\libs\NDI\include</Filter>
		</ClInclude>
		<ClInclude Include="..\..\..\addons\ofxNDI\libs\NDI\include\Processing.NDI.Recv.h">
			<Filter>addons\ofxNDI\libs\NDI\include</Filter>
		</ClInclude>
		<ClInclude Include="..\..\..\addons\ofxNDI\libs\NDI\include\Processing.NDI.Routing.h">
			<Filter>addons\ofxNDI\libs\NDI\include</Filter>
		</ClInclude>
		<ClInclude Include="..\..\..\addons\ofxNDI\libs\NDI\include\Processing.NDI.Send.h">
			<Filter>addons\ofxNDI\libs\NDI\include</Filter>
		</ClInclude>
		<ClInclude Include="..\..\..\addons\ofxNDI\libs\NDI\include\Processing.NDI.structs.h">
			<Filter>addons\ofxNDI\libs\NDI\include</Filter>
		</ClInclude>
		<ClInclude Include="..\..\..\addons\ofxNDI\libs\NDI\include\Processing.NDI.utilities.h">
			<Filter>addons\ofxNDI\libs\NDI\include</Filter>
		</ClInclude>
		<ClInclude Include="..\..\..\addons\ofxNDI\libs\utils\DoubleBuffer.h">
			<Filter>addons\ofxNDI\libs\utils</Filter>
		</ClInclude>
		<ClInclude Include="..\..\..\addons\ofxOsc\src\ofxOsc.h">
			<Filter>addons\ofxOsc\src</Filter>
		</ClInclude>
		<ClInclude Include="..\..\..\addons\ofxOsc\src\ofxOscArg.h">
			<Filter>addons\ofxOsc\src</Filter>
		</ClInclude>
		<ClInclude Include="..\..\..\addons\ofxOsc\src\ofxOscBundle.h">
			<Filter>addons\ofxOsc\src</Filter>
		</ClInclude>
		<ClInclude Include="..\..\..\addons\ofxOsc\src\ofxOscMessage.h">
			<Filter>addons\ofxOsc\src</Filter>
		</ClInclude>
		<ClInclude Include="..\..\..\addons\ofxOsc\src\ofxOscParameterSync.h">
			<Filter>addons\ofxOsc\src</Filter>
		</ClInclude>
		<ClInclude Include="..\..\..\addons\ofxOsc\src\ofxOscReceiver.h">
			<Filter>addons\ofxOsc\src</Filter>
		</ClInclude>
		<ClInclude Include="..\..\..\addons\ofxOsc\src\ofxOscSender.h">
			<Filter>addons\ofxOsc\src</Filter>
		</ClInclude>
		<ClInclude Include="..\..\..\addons\ofxOsc\libs\oscpack\src\ip\IpEndpointName.h">
			<Filter>addons\ofxOsc\libs\oscpack\src\ip</Filter>
		</ClInclude>
		<ClInclude Include="..\..\..\addons\ofxOsc\libs\oscpack\src\ip\NetworkingUtils.h">
			<Filter>addons\ofxOsc\libs\oscpack\src\ip</Filter>
		</ClInclude>
		<ClInclude Include="..\..\..\addons\ofxOsc\libs\oscpack\src\ip\PacketListener.h">
			<Filter>addons\ofxOsc\libs\oscpack\src\ip</Filter>
		</ClInclude>
		<ClInclude Include="..\..\..\addons\ofxOsc\libs\oscpack\src\ip\TimerListener.h">
			<Filter>addons\ofxOsc\libs\oscpack\src\ip</Filter>
		</ClInclude>
		<ClInclude Include="..\..\..\addons\ofxOsc\libs\oscpack\src\ip\UdpSocket.h">
			<Filter>addons\ofxOsc\libs\oscpack\src\ip</Filter>
		</ClInclude>
		<ClInclude Include="..\..\..\addons\ofxOsc\libs\oscpack\src\osc\MessageMappingOscPacketListener.h">
			<Filter>addons\ofxOsc\libs\oscpack\src\osc</Filter>
		</ClInclude>
		<ClInclude Include="..\..\..\addons\ofxOsc\libs\oscpack\src\osc\OscException.h">
			<Filter>addons\ofxOsc\libs\oscpack\src\osc</Filter>
		</ClInclude>
		<ClInclude Include="..\..\..\addons\ofxOsc\libs\oscpack\src\osc\OscHostEndianness.h">
			<Filter>addons\ofxOsc\libs\oscpack\src\osc</Filter>
		</ClInclude>
		<ClInclude Include="..\..\..\addons\ofxOsc\libs\oscpack\src\osc\OscOutboundPacketStream.h">
			<Filter>addons\ofxOsc\libs\oscpack\src\osc</Filter>
		</ClInclude>
		<ClInclude Include="..\..\..\addons\ofxOsc\libs\oscpack\src\osc\OscPacketListener.h">
			<Filter>addons\ofxOsc\libs\oscpack\src\osc</Filter>
		</ClInclude>
		<ClInclude Include="..\..\..\addons\ofxOsc\libs\oscpack\src\osc\OscPrintReceivedElements.h">
			<Filter>addons\ofxOsc\libs\oscpack\src\osc</Filter>
		</ClInclude>
		<ClInclude Include="..\..\..\addons\ofxOsc\libs\oscpack\src\osc\OscReceivedElements.h">
			<Filter>addons\ofxOsc\libs\oscpack\src\osc</Filter>
		</ClInclude>
		<ClInclude Include="..\..\..\addons\ofxOsc\libs\oscpack\src\osc\OscTypes.h">
			<Filter>addons\ofxOsc\libs\oscpack\src\osc</Filter>
		</ClInclude>
	</ItemGroup>
	<ItemGroup>
		<ResourceCompile Include="icon.rc" />
	</ItemGroup>
</Project>
