<?xml version="1.0"?>
<Project ToolsVersion="4.0" xmlns="http://schemas.microsoft.com/developer/msbuild/2003">
	<ItemGroup>
		<ClCompile Include="src\ofApp.cpp">
			<Filter>src</Filter>
		</ClCompile>
		<ClCompile Include="src\main.cpp">
			<Filter>src</Filter>
		</ClCompile>
		<ClCompile Include="src\main.cpp">
			<Filter>src</Filter>
		</ClCompile>
		<ClCompile Include="src\ofApp.cpp">
			<Filter>src</Filter>
		</ClCompile>
		<ClCompile Include="src\wwmProjector.cpp">
			<Filter>src</Filter>
		</ClCompile>
		<ClCompile Include="..\..\..\addons\ofxGui\src\ofxBaseGui.cpp">
			<Filter>addons\ofxGui\src</Filter>
		</ClCompile>
		<ClCompile Include="..\..\..\addons\ofxGui\src\ofxButton.cpp">
			<Filter>addons\ofxGui\src</Filter>
		</ClCompile>
		<ClCompile Include="..\..\..\addons\ofxGui\src\ofxColorPicker.cpp">
			<Filter>addons\ofxGui\src</Filter>
		</ClCompile>
		<ClCompile Include="..\..\..\addons\ofxGui\src\ofxGuiGroup.cpp">
			<Filter>addons\ofxGui\src</Filter>
		</ClCompile>
		<ClCompile Include="..\..\..\addons\ofxGui\src\ofxInputField.cpp">
			<Filter>addons\ofxGui\src</Filter>
		</ClCompile>
		<ClCompile Include="..\..\..\addons\ofxGui\src\ofxLabel.cpp">
			<Filter>addons\ofxGui\src</Filter>
		</ClCompile>
		<ClCompile Include="..\..\..\addons\ofxGui\src\ofxPanel.cpp">
			<Filter>addons\ofxGui\src</Filter>
		</ClCompile>
		<ClCompile Include="..\..\..\addons\ofxGui\src\ofxSlider.cpp">
			<Filter>addons\ofxGui\src</Filter>
		</ClCompile>
		<ClCompile Include="..\..\..\addons\ofxGui\src\ofxSliderGroup.cpp">
			<Filter>addons\ofxGui\src</Filter>
		</ClCompile>
		<ClCompile Include="..\..\..\addons\ofxGui\src\ofxToggle.cpp">
			<Filter>addons\ofxGui\src</Filter>
		</ClCompile>
		<ClCompile Include="..\..\..\addons\ofxNDI\src\ofxNDIFinder.cpp">
			<Filter>addons\ofxNDI\src</Filter>
		</ClCompile>
		<ClCompile Include="..\..\..\addons\ofxNDI\src\ofxNDIFrame.cpp">
			<Filter>addons\ofxNDI\src</Filter>
		</ClCompile>
		<ClCompile Include="..\..\..\addons\ofxNDI\src\ofxNDIPTZ.cpp">
			<Filter>addons\ofxNDI\src</Filter>
		</ClCompile>
		<ClCompile Include="..\..\..\addons\ofxNDI\src\ofxNDIReceiver.cpp">
			<Filter>addons\ofxNDI\src</Filter>
		</ClCompile>
		<ClCompile Include="..\..\..\addons\ofxNDI\src\ofxNDIRecorder.cpp">
			<Filter>addons\ofxNDI\src</Filter>
		</ClCompile>
		<ClCompile Include="..\..\..\addons\ofxNDI\src\ofxNDIRecvStream.cpp">
			<Filter>addons\ofxNDI\src</Filter>
		</ClCompile>
		<ClCompile Include="..\..\..\addons\ofxNDI\src\ofxNDIRouter.cpp">
			<Filter>addons\ofxNDI\src</Filter>
		</ClCompile>
		<ClCompile Include="..\..\..\addons\ofxNDI\src\ofxNDISender.cpp">
			<Filter>addons\ofxNDI\src</Filter>
		</ClCompile>
		<ClCompile Include="..\..\..\addons\ofxNDI\src\ofxNDISendStream.cpp">
			<Filter>addons\ofxNDI\src</Filter>
		</ClCompile>
		<ClCompile Include="..\..\..\addons\ofxNDI\src\utils\ofxNDIVideoCaster.cpp">
			<Filter>addons\ofxNDI\src\utils</Filter>
		</ClCompile>
		<ClCompile Include="..\..\..\addons\ofxNDI\src\utils\ofxNDIVideoGrabber.cpp">
			<Filter>addons\ofxNDI\src\utils</Filter>
		</ClCompile>
		<ClCompile Include="..\..\..\addons\ofxOsc\src\ofxOscBundle.cpp">
			<Filter>addons\ofxOsc\src</Filter>
		</ClCompile>
		<ClCompile Include="..\..\..\addons\ofxOsc\src\ofxOscMessage.cpp">
			<Filter>addons\ofxOsc\src</Filter>
		</ClCompile>
		<ClCompile Include="..\..\..\addons\ofxOsc\src\ofxOscParameterSync.cpp">
			<Filter>addons\ofxOsc\src</Filter>
		</ClCompile>
		<ClCompile Include="..\..\..\addons\ofxOsc\src\ofxOscReceiver.cpp">
			<Filter>addons\ofxOsc\src</Filter>
		</ClCompile>
		<ClCompile Include="..\..\..\addons\ofxOsc\src\ofxOscSender.cpp">
			<Filter>addons\ofxOsc\src</Filter>
		</ClCompile>
		<ClCompile Include="..\..\..\addons\ofxOsc\libs\oscpack\src\ip\IpEndpointName.cpp">
			<Filter>addons\ofxOsc\libs\oscpack\src\ip</Filter>
		</ClCompile>
		<ClCompile Include="..\..\..\addons\ofxOsc\libs\oscpack\src\ip\win32\NetworkingUtils.cpp">
			<Filter>addons\ofxOsc\libs\oscpack\src\ip\win32</Filter>
		</ClCompile>
		<ClCompile Include="..\..\..\addons\ofxOsc\libs\oscpack\src\ip\win32\UdpSocket.cpp">
			<Filter>addons\ofxOsc\libs\oscpack\src\ip\win32</Filter>
		</ClCompile>
		<ClCompile Include="..\..\..\addons\ofxOsc\libs\oscpack\src\osc\OscOutboundPacketStream.cpp">
			<Filter>addons\ofxOsc\libs\oscpack\src\osc</Filter>
		</ClCompile>
		<ClCompile Include="..\..\..\addons\ofxOsc\libs\oscpack\src\osc\OscPrintReceivedElements.cpp">
			<Filter>addons\ofxOsc\libs\oscpack\src\osc</Filter>
		</ClCompile>
		<ClCompile Include="..\..\..\addons\ofxOsc\libs\oscpack\src\osc\OscReceivedElements.cpp">
			<Filter>addons\ofxOsc\libs\oscpack\src\osc</Filter>
		</ClCompile>
		<ClCompile Include="..\..\..\addons\ofxOsc\libs\oscpack\src\osc\OscTypes.cpp">
			<Filter>addons\ofxOsc\libs\oscpack\src\osc</Filter>
		</ClCompile>
	</ItemGroup>
	<ItemGroup>
		<Filter Include="src">
			<UniqueIdentifier>{d8376475-7454-4a24-b08a-aac121d3ad6f}</UniqueIdentifier>
		</Filter>
		<Filter Include="addons">
			<UniqueIdentifier>{82FB9E69--59C-B-4A-44-A-EBB-1B061C24EA5B}</UniqueIdentifier>
		</Filter>
		<Filter Include="addons\ofxGui">
			<UniqueIdentifier>{26448588--4ED-C-4F-BF-9-7DB-94A72D8BF00A}</UniqueIdentifier>
		</Filter>
		<Filter Include="addons\ofxGui\src">
			<UniqueIdentifier>{9281FD32--5C4-F-43-7D-A-9B5-3B9C7D4BAD2A}</UniqueIdentifier>
		</Filter>
		<Filter Include="addons\ofxNDI">
			<UniqueIdentifier>{6A0B344B--437-8-47-37-B-1CB-C97A68032BA3}</UniqueIdentifier>
		</Filter>
		<Filter Include="addons\ofxNDI\src">
			<UniqueIdentifier>{4754018B--319-B-42-CB-B-307-C3CA6E0201B3}</UniqueIdentifier>
		</Filter>
		<Filter Include="addons\ofxNDI\src\utils">
			<UniqueIdentifier>{5FECFDF8--715-0-4E-D1-9-BA5-8309352C9E14}</UniqueIdentifier>
		</Filter>
		<Filter Include="addons\ofxNDI\libs">
			<UniqueIdentifier>{7099EAD0--607-A-4A-4A-A-9ED-3D09A36587CC}</UniqueIdentifier>
		</Filter>
		<Filter Include="addons\ofxNDI\libs\NDI">
			<UniqueIdentifier>{7AED376A--D18-9-40-F2-A-5B3-5928DDE58D98}</UniqueIdentifier>
		</Filter>
		<Filter Include="addons\ofxNDI\libs\NDI\include">
			<UniqueIdentifier>{130CD8AD--021-3-46-88-A-62B-74959EBF12EF}</UniqueIdentifier>
		</Filter>
		<Filter Include="addons\ofxNDI\libs\utils">
			<UniqueIdentifier>{6B0918ED--C2A-5-43-73-9-98D-CF2F900F5103}</UniqueIdentifier>
		</Filter>
		<Filter Include="addons\ofxOsc">
			<UniqueIdentifier>{D9624137--526-3-46-8C-B-BEA-B2D6EED7E7FD}</UniqueIdentifier>
		</Filter>
		<Filter Include="addons\ofxOsc\src">
			<UniqueIdentifier>{11B0C726--A75-D-40-D7-B-E0F-F2481FFE1A59}</UniqueIdentifier>
		</Filter>
		<Filter Include="addons\ofxOsc\libs">
			<UniqueIdentifier>{61DD9D9E--A3B-F-40-8C-9-AE6-2B8550498832}</UniqueIdentifier>
		</Filter>
		<Filter Include="addons\ofxOsc\libs\oscpack">
			<UniqueIdentifier>{FCFDF2AB--514-3-46-2A-8-AA4-E39D0AF42F99}</UniqueIdentifier>
		</Filter>
		<Filter Include="addons\ofxOsc\libs\oscpack\src">
			<UniqueIdentifier>{04C04D9E--650-6-4A-0F-B-08E-B80B643CC810}</UniqueIdentifier>
		</Filter>
		<Filter Include="addons\ofxOsc\libs\oscpack\src\ip">
			<UniqueIdentifier>{41695B58--535-5-43-24-8-BA6-A26BFAC45CFC}</UniqueIdentifier>
		</Filter>
		<Filter Include="addons\ofxOsc\libs\oscpack\src\ip\win32">
			<UniqueIdentifier>{E34938EB--EA2-A-47-63-8-B81-606C9BF094EB}</UniqueIdentifier>
		</Filter>
		<Filter Include="addons\ofxOsc\libs\oscpack\src\osc">
			<UniqueIdentifier>{1B38C9AF--05B-5-4E-89-B-9A1-78336E68F3C2}</UniqueIdentifier>
		</Filter>
		<Filter Include="addons\ofxTclap">
			<UniqueIdentifier>{82444C6E--38D-9-4B-DC-8-13C-BBB170030581}</UniqueIdentifier>
		</Filter>
		<Filter Include="addons\ofxTclap\src">
			<UniqueIdentifier>{1D57F449--805-F-4F-EB-B-5B2-E3A9FFFD084D}</UniqueIdentifier>
		</Filter>
		<Filter Include="addons\ofxTclap\libs">
			<UniqueIdentifier>{6C39E924--2DC-0-4D-3A-A-C33-B7B6FFB26178}</UniqueIdentifier>
		</Filter>
		<Filter Include="addons\ofxTclap\libs\tclap">
			<UniqueIdentifier>{5B23C4C3--D67-8-47-40-B-160-02514A9A786D}</UniqueIdentifier>
		</Filter>
		<Filter Include="addons\ofxTclap\libs\tclap\include">
			<UniqueIdentifier>{A9ECEB57--017-B-46-2D-A-B19-3AE9F180E719}</UniqueIdentifier>
		</Filter>
		<Filter Include="addons\ofxTclap\libs\tclap\include\tclap">
			<UniqueIdentifier>{6DFB9BB5--17B-5-49-BB-A-A42-4C1C06DCDB55}</UniqueIdentifier>
		</Filter>
	</ItemGroup>
	<ItemGroup>
		<ClInclude Include="src\ofApp.h">
			<Filter>src</Filter>
		</ClInclude>
		<ClInclude Include="src\ofApp.h">
			<Filter>src</Filter>
		</ClInclude>
		<ClInclude Include="src\wwmProjector.h">
			<Filter>src</Filter>
		</ClInclude>
		<ClInclude Include="..\..\..\addons\ofxGui\src\ofxBaseGui.h">
			<Filter>addons\ofxGui\src</Filter>
		</ClInclude>
		<ClInclude Include="..\..\..\addons\ofxGui\src\ofxButton.h">
			<Filter>addons\ofxGui\src</Filter>
		</ClInclude>
		<ClInclude Include="..\..\..\addons\ofxGui\src\ofxColorPicker.h">
			<Filter>addons\ofxGui\src</Filter>
		</ClInclude>
		<ClInclude Include="..\..\..\addons\ofxGui\src\ofxGui.h">
			<Filter>addons\ofxGui\src</Filter>
		</ClInclude>
		<ClInclude Include="..\..\..\addons\ofxGui\src\ofxGuiGroup.h">
			<Filter>addons\ofxGui\src</Filter>
		</ClInclude>
		<ClInclude Include="..\..\..\addons\ofxGui\src\ofxGuiUtils.h">
			<Filter>addons\ofxGui\src</Filter>
		</ClInclude>
		<ClInclude Include="..\..\..\addons\ofxGui\src\ofxInputField.h">
			<Filter>addons\ofxGui\src</Filter>
		</ClInclude>
		<ClInclude Include="..\..\..\addons\ofxGui\src\ofxLabel.h">
			<Filter>addons\ofxGui\src</Filter>
		</ClInclude>
		<ClInclude Include="..\..\..\addons\ofxGui\src\ofxPanel.h">
			<Filter>addons\ofxGui\src</Filter>
		</ClInclude>
		<ClInclude Include="..\..\..\addons\ofxGui\src\ofxSlider.h">
			<Filter>addons\ofxGui\src</Filter>
		</ClInclude>
		<ClInclude Include="..\..\..\addons\ofxGui\src\ofxSliderGroup.h">
			<Filter>addons\ofxGui\src</Filter>
		</ClInclude>
		<ClInclude Include="..\..\..\addons\ofxGui\src\ofxToggle.h">
			<Filter>addons\ofxGui\src</Filter>
		</ClInclude>
		<ClInclude Include="..\..\..\addons\ofxNDI\src\ofxNDI.h">
			<Filter>addons\ofxNDI\src</Filter>
		</ClInclude>
		<ClInclude Include="..\..\..\addons\ofxNDI\src\ofxNDIFinder.h">
			<Filter>addons\ofxNDI\src</Filter>
		</ClInclude>
		<ClInclude Include="..\..\..\addons\ofxNDI\src\ofxNDIFrame.h">
			<Filter>addons\ofxNDI\src</Filter>
		</ClInclude>
		<ClInclude Include="..\..\..\addons\ofxNDI\src\ofxNDIPTZ.h">
			<Filter>addons\ofxNDI\src</Filter>
		</ClInclude>
		<ClInclude Include="..\..\..\addons\ofxNDI\src\ofxNDIReceiver.h">
			<Filter>addons\ofxNDI\src</Filter>
		</ClInclude>
		<ClInclude Include="..\..\..\addons\ofxNDI\src\ofxNDIRecorder.h">
			<Filter>addons\ofxNDI\src</Filter>
		</ClInclude>
		<ClInclude Include="..\..\..\addons\ofxNDI\src\ofxNDIRecvStream.h">
			<Filter>addons\ofxNDI\src</Filter>
		</ClInclude>
		<ClInclude Include="..\..\..\addons\ofxNDI\src\ofxNDIRouter.h">
			<Filter>addons\ofxNDI\src</Filter>
		</ClInclude>
		<ClInclude Include="..\..\..\addons\ofxNDI\src\ofxNDISender.h">
			<Filter>addons\ofxNDI\src</Filter>
		</ClInclude>
		<ClInclude Include="..\..\..\addons\ofxNDI\src\ofxNDISendStream.h">
			<Filter>addons\ofxNDI\src</Filter>
		</ClInclude>
		<ClInclude Include="..\..\..\addons\ofxNDI\src\utils\ofxNDIVideoCaster.h">
			<Filter>addons\ofxNDI\src\utils</Filter>
		</ClInclude>
		<ClInclude Include="..\..\..\addons\ofxNDI\src\utils\ofxNDIVideoGrabber.h">
			<Filter>addons\ofxNDI\src\utils</Filter>
		</ClInclude>
		<ClInclude Include="..\..\..\addons\ofxNDI\libs\NDI\include\Processing.NDI.compat.h">
			<Filter>addons\ofxNDI\libs\NDI\include</Filter>
		</ClInclude>
		<ClInclude Include="..\..\..\addons\ofxNDI\libs\NDI\include\Processing.NDI.deprecated.h">
			<Filter>addons\ofxNDI\libs\NDI\include</Filter>
		</ClInclude>
		<ClInclude Include="..\..\..\addons\ofxNDI\libs\NDI\include\Processing.NDI.DynamicLoad.h">
			<Filter>addons\ofxNDI\libs\NDI\include</Filter>
		</ClInclude>
		<ClInclude Include="..\..\..\addons\ofxNDI\libs\NDI\include\Processing.NDI.Find.h">
			<Filter>addons\ofxNDI\libs\NDI\include</Filter>
		</ClInclude>
		<ClInclude Include="..\..\..\addons\ofxNDI\libs\NDI\include\Processing.NDI.FrameSync.h">
			<Filter>addons\ofxNDI\libs\NDI\include</Filter>
		</ClInclude>
		<ClInclude Include="..\..\..\addons\ofxNDI\libs\NDI\include\Processing.NDI.Lib.cplusplus.h">
			<Filter>addons\ofxNDI\libs\NDI\include</Filter>
		</ClInclude>
		<ClInclude Include="..\..\..\addons\ofxNDI\libs\NDI\include\Processing.NDI.Lib.h">
			<Filter>addons\ofxNDI\libs\NDI\include</Filter>
		</ClInclude>
		<ClInclude Include="..\..\..\addons\ofxNDI\libs\NDI\include\Processing.NDI.Recv.ex.h">
			<Filter>addons\ofxNDI\libs\NDI\include</Filter>
		</ClInclude>
		<ClInclude Include="..\..\..\addons\ofxNDI\libs\NDI\include\Processing.NDI.Recv.h">
			<Filter>addons\ofxNDI\libs\NDI\include</Filter>
		</ClInclude>
		<ClInclude Include="..\..\..\addons\ofxNDI\libs\NDI\include\Processing.NDI.Routing.h">
			<Filter>addons\ofxNDI\libs\NDI\include</Filter>
		</ClInclude>
		<ClInclude Include="..\..\..\addons\ofxNDI\libs\NDI\include\Processing.NDI.Send.h">
			<Filter>addons\ofxNDI\libs\NDI\include</Filter>
		</ClInclude>
		<ClInclude Include="..\..\..\addons\ofxNDI\libs\NDI\include\Processing.NDI.structs.h">
			<Filter>addons\ofxNDI\libs\NDI\include</Filter>
		</ClInclude>
		<ClInclude Include="..\..\..\addons\ofxNDI\libs\NDI\include\Processing.NDI.utilities.h">
			<Filter>addons\ofxNDI\libs\NDI\include</Filter>
		</ClInclude>
		<ClInclude Include="..\..\..\addons\ofxNDI\libs\utils\DoubleBuffer.h">
			<Filter>addons\ofxNDI\libs\utils</Filter>
		</ClInclude>
		<ClInclude Include="..\..\..\addons\ofxOsc\src\ofxOsc.h">
			<Filter>addons\ofxOsc\src</Filter>
		</ClInclude>
		<ClInclude Include="..\..\..\addons\ofxOsc\src\ofxOscArg.h">
			<Filter>addons\ofxOsc\src</Filter>
		</ClInclude>
		<ClInclude Include="..\..\..\addons\ofxOsc\src\ofxOscBundle.h">
			<Filter>addons\ofxOsc\src</Filter>
		</ClInclude>
		<ClInclude Include="..\..\..\addons\ofxOsc\src\ofxOscMessage.h">
			<Filter>addons\ofxOsc\src</Filter>
		</ClInclude>
		<ClInclude Include="..\..\..\addons\ofxOsc\src\ofxOscParameterSync.h">
			<Filter>addons\ofxOsc\src</Filter>
		</ClInclude>
		<ClInclude Include="..\..\..\addons\ofxOsc\src\ofxOscReceiver.h">
			<Filter>addons\ofxOsc\src</Filter>
		</ClInclude>
		<ClInclude Include="..\..\..\addons\ofxOsc\src\ofxOscSender.h">
			<Filter>addons\ofxOsc\src</Filter>
		</ClInclude>
		<ClInclude Include="..\..\..\addons\ofxOsc\libs\oscpack\src\ip\IpEndpointName.h">
			<Filter>addons\ofxOsc\libs\oscpack\src\ip</Filter>
		</ClInclude>
		<ClInclude Include="..\..\..\addons\ofxOsc\libs\oscpack\src\ip\NetworkingUtils.h">
			<Filter>addons\ofxOsc\libs\oscpack\src\ip</Filter>
		</ClInclude>
		<ClInclude Include="..\..\..\addons\ofxOsc\libs\oscpack\src\ip\PacketListener.h">
			<Filter>addons\ofxOsc\libs\oscpack\src\ip</Filter>
		</ClInclude>
		<ClInclude Include="..\..\..\addons\ofxOsc\libs\oscpack\src\ip\TimerListener.h">
			<Filter>addons\ofxOsc\libs\oscpack\src\ip</Filter>
		</ClInclude>
		<ClInclude Include="..\..\..\addons\ofxOsc\libs\oscpack\src\ip\UdpSocket.h">
			<Filter>addons\ofxOsc\libs\oscpack\src\ip</Filter>
		</ClInclude>
		<ClInclude Include="..\..\..\addons\ofxOsc\libs\oscpack\src\osc\MessageMappingOscPacketListener.h">
			<Filter>addons\ofxOsc\libs\oscpack\src\osc</Filter>
		</ClInclude>
		<ClInclude Include="..\..\..\addons\ofxOsc\libs\oscpack\src\osc\OscException.h">
			<Filter>addons\ofxOsc\libs\oscpack\src\osc</Filter>
		</ClInclude>
		<ClInclude Include="..\..\..\addons\ofxOsc\libs\oscpack\src\osc\OscHostEndianness.h">
			<Filter>addons\ofxOsc\libs\oscpack\src\osc</Filter>
		</ClInclude>
		<ClInclude Include="..\..\..\addons\ofxOsc\libs\oscpack\src\osc\OscOutboundPacketStream.h">
			<Filter>addons\ofxOsc\libs\oscpack\src\osc</Filter>
		</ClInclude>
		<ClInclude Include="..\..\..\addons\ofxOsc\libs\oscpack\src\osc\OscPacketListener.h">
			<Filter>addons\ofxOsc\libs\oscpack\src\osc</Filter>
		</ClInclude>
		<ClInclude Include="..\..\..\addons\ofxOsc\libs\oscpack\src\osc\OscPrintReceivedElements.h">
			<Filter>addons\ofxOsc\libs\oscpack\src\osc</Filter>
		</ClInclude>
		<ClInclude Include="..\..\..\addons\ofxOsc\libs\oscpack\src\osc\OscReceivedElements.h">
			<Filter>addons\ofxOsc\libs\oscpack\src\osc</Filter>
		</ClInclude>
		<ClInclude Include="..\..\..\addons\ofxOsc\libs\oscpack\src\osc\OscTypes.h">
			<Filter>addons\ofxOsc\libs\oscpack\src\osc</Filter>
		</ClInclude>
		<ClInclude Include="..\..\..\addons\ofxTclap\src\ofxTclap.h">
			<Filter>addons\ofxTclap\src</Filter>
		</ClInclude>
		<ClInclude Include="..\..\..\addons\ofxTclap\libs\tclap\include\tclap\Arg.h">
			<Filter>addons\ofxTclap\libs\tclap\include\tclap</Filter>
		</ClInclude>
		<ClInclude Include="..\..\..\addons\ofxTclap\libs\tclap\include\tclap\ArgException.h">
			<Filter>addons\ofxTclap\libs\tclap\include\tclap</Filter>
		</ClInclude>
		<ClInclude Include="..\..\..\addons\ofxTclap\libs\tclap\include\tclap\ArgTraits.h">
			<Filter>addons\ofxTclap\libs\tclap\include\tclap</Filter>
		</ClInclude>
		<ClInclude Include="..\..\..\addons\ofxTclap\libs\tclap\include\tclap\CmdLine.h">
			<Filter>addons\ofxTclap\libs\tclap\include\tclap</Filter>
		</ClInclude>
		<ClInclude Include="..\..\..\addons\ofxTclap\libs\tclap\include\tclap\CmdLineInterface.h">
			<Filter>addons\ofxTclap\libs\tclap\include\tclap</Filter>
		</ClInclude>
		<ClInclude Include="..\..\..\addons\ofxTclap\libs\tclap\include\tclap\CmdLineOutput.h">
			<Filter>addons\ofxTclap\libs\tclap\include\tclap</Filter>
		</ClInclude>
		<ClInclude Include="..\..\..\addons\ofxTclap\libs\tclap\include\tclap\Constraint.h">
			<Filter>addons\ofxTclap\libs\tclap\include\tclap</Filter>
		</ClInclude>
		<ClInclude Include="..\..\..\addons\ofxTclap\libs\tclap\include\tclap\DocBookOutput.h">
			<Filter>addons\ofxTclap\libs\tclap\include\tclap</Filter>
		</ClInclude>
		<ClInclude Include="..\..\..\addons\ofxTclap\libs\tclap\include\tclap\HelpVisitor.h">
			<Filter>addons\ofxTclap\libs\tclap\include\tclap</Filter>
		</ClInclude>
		<ClInclude Include="..\..\..\addons\ofxTclap\libs\tclap\include\tclap\IgnoreRestVisitor.h">
			<Filter>addons\ofxTclap\libs\tclap\include\tclap</Filter>
		</ClInclude>
		<ClInclude Include="..\..\..\addons\ofxTclap\libs\tclap\include\tclap\MultiArg.h">
			<Filter>addons\ofxTclap\libs\tclap\include\tclap</Filter>
		</ClInclude>
		<ClInclude Include="..\..\..\addons\ofxTclap\libs\tclap\include\tclap\MultiSwitchArg.h">
			<Filter>addons\ofxTclap\libs\tclap\include\tclap</Filter>
		</ClInclude>
		<ClInclude Include="..\..\..\addons\ofxTclap\libs\tclap\include\tclap\OptionalUnlabeledTracker.h">
			<Filter>addons\ofxTclap\libs\tclap\include\tclap</Filter>
		</ClInclude>
		<ClInclude Include="..\..\..\addons\ofxTclap\libs\tclap\include\tclap\sstream.h">
			<Filter>addons\ofxTclap\libs\tclap\include\tclap</Filter>
		</ClInclude>
		<ClInclude Include="..\..\..\addons\ofxTclap\libs\tclap\include\tclap\StandardTraits.h">
			<Filter>addons\ofxTclap\libs\tclap\include\tclap</Filter>
		</ClInclude>
		<ClInclude Include="..\..\..\addons\ofxTclap\libs\tclap\include\tclap\StdOutput.h">
			<Filter>addons\ofxTclap\libs\tclap\include\tclap</Filter>
		</ClInclude>
		<ClInclude Include="..\..\..\addons\ofxTclap\libs\tclap\include\tclap\SwitchArg.h">
			<Filter>addons\ofxTclap\libs\tclap\include\tclap</Filter>
		</ClInclude>
		<ClInclude Include="..\..\..\addons\ofxTclap\libs\tclap\include\tclap\UnlabeledMultiArg.h">
			<Filter>addons\ofxTclap\libs\tclap\include\tclap</Filter>
		</ClInclude>
		<ClInclude Include="..\..\..\addons\ofxTclap\libs\tclap\include\tclap\UnlabeledValueArg.h">
			<Filter>addons\ofxTclap\libs\tclap\include\tclap</Filter>
		</ClInclude>
		<ClInclude Include="..\..\..\addons\ofxTclap\libs\tclap\include\tclap\ValueArg.h">
			<Filter>addons\ofxTclap\libs\tclap\include\tclap</Filter>
		</ClInclude>
		<ClInclude Include="..\..\..\addons\ofxTclap\libs\tclap\include\tclap\ValuesConstraint.h">
			<Filter>addons\ofxTclap\libs\tclap\include\tclap</Filter>
		</ClInclude>
		<ClInclude Include="..\..\..\addons\ofxTclap\libs\tclap\include\tclap\VersionVisitor.h">
			<Filter>addons\ofxTclap\libs\tclap\include\tclap</Filter>
		</ClInclude>
		<ClInclude Include="..\..\..\addons\ofxTclap\libs\tclap\include\tclap\Visitor.h">
			<Filter>addons\ofxTclap\libs\tclap\include\tclap</Filter>
		</ClInclude>
		<ClInclude Include="..\..\..\addons\ofxTclap\libs\tclap\include\tclap\XorHandler.h">
			<Filter>addons\ofxTclap\libs\tclap\include\tclap</Filter>
		</ClInclude>
		<ClInclude Include="..\..\..\addons\ofxTclap\libs\tclap\include\tclap\ZshCompletionOutput.h">
			<Filter>addons\ofxTclap\libs\tclap\include\tclap</Filter>
		</ClInclude>
	</ItemGroup>
	<ItemGroup>
		<ResourceCompile Include="icon.rc" />
	</ItemGroup>
</Project>
